
Microsoft Visual Studio Solution File, Format Version 12.00
Project("{FAE04EC0-301F-11D3-BF4B-00C04F79EFBC}") = "baiTapOopLopBegin2", "baiTapOopLopBegin2\baiTapOopLopBegin2.csproj", "{89DEA64B-2A47-4682-B6E1-D98B37175C15}"
EndProject
Global
	GlobalSection(SolutionConfigurationPlatforms) = preSolution
		Debug|Any CPU = Debug|Any CPU
		Release|Any CPU = Release|Any CPU
	EndGlobalSection
	GlobalSection(ProjectConfigurationPlatforms) = postSolution
		{89DEA64B-2A47-4682-B6E1-D98B37175C15}.Debug|Any CPU.ActiveCfg = Debug|Any CPU
		{89DEA64B-2A47-4682-B6E1-D98B37175C15}.Debug|Any CPU.Build.0 = Debug|Any CPU
		{89DEA64B-2A47-4682-B6E1-D98B37175C15}.Release|Any CPU.ActiveCfg = Release|Any CPU
		{89DEA64B-2A47-4682-B6E1-D98B37175C15}.Release|Any CPU.Build.0 = Release|Any CPU
	EndGlobalSection
EndGlobal
